// !$*UTF8*$!
{
	archiveVersion = 1;
	classes = {
	};
	objectVersion = 50;
	objects = {

/* Begin PBXBuildFile section */
		1CA3D39ABF3FFFB1EF5C1DB2 /* Pods_Chat.framework in Frameworks */ = {isa = PBXBuildFile; fileRef = DD217C9D9C651C2DA5F8434B /* Pods_Chat.framework */; };
		9EB3582121FCED4A007D423A /* AppDelegate.swift in Sources */ = {isa = PBXBuildFile; fileRef = 9EB3582021FCED4A007D423A /* AppDelegate.swift */; };
		9EB3582321FCED4A007D423A /* FeedVC.swift in Sources */ = {isa = PBXBuildFile; fileRef = 9EB3582221FCED4A007D423A /* FeedVC.swift */; };
		9EB3582521FCED4A007D423A /* GroupsVC.swift in Sources */ = {isa = PBXBuildFile; fileRef = 9EB3582421FCED4A007D423A /* GroupsVC.swift */; };
		9EB3582821FCED4A007D423A /* Main.storyboard in Resources */ = {isa = PBXBuildFile; fileRef = 9EB3582621FCED4A007D423A /* Main.storyboard */; };
		9EB3582D21FCED4B007D423A /* LaunchScreen.storyboard in Resources */ = {isa = PBXBuildFile; fileRef = 9EB3582B21FCED4B007D423A /* LaunchScreen.storyboard */; };
		9EB3583821FCEDEC007D423A /* GoogleService-Info.plist in Resources */ = {isa = PBXBuildFile; fileRef = 9EB3583721FCEDEC007D423A /* GoogleService-Info.plist */; };
		9EB3583C21FCF076007D423A /* DataService.swift in Sources */ = {isa = PBXBuildFile; fileRef = 9EB3583B21FCF076007D423A /* DataService.swift */; };
		9EB3583E21FDB012007D423A /* Assets.xcassets in Resources */ = {isa = PBXBuildFile; fileRef = 9EB3583D21FDB012007D423A /* Assets.xcassets */; };
		9EB3584021FDC015007D423A /* AuthVC.swift in Sources */ = {isa = PBXBuildFile; fileRef = 9EB3583F21FDC015007D423A /* AuthVC.swift */; };
		9EB3584221FDC0E6007D423A /* LoginVC.swift in Sources */ = {isa = PBXBuildFile; fileRef = 9EB3584121FDC0E6007D423A /* LoginVC.swift */; };
		9EB3584421FDC191007D423A /* InsetTextField.swift in Sources */ = {isa = PBXBuildFile; fileRef = 9EB3584321FDC191007D423A /* InsetTextField.swift */; };
		9EB3584621FDC902007D423A /* ShadowView.swift in Sources */ = {isa = PBXBuildFile; fileRef = 9EB3584521FDC902007D423A /* ShadowView.swift */; };
		9EB3584821FDCA46007D423A /* AuthService.swift in Sources */ = {isa = PBXBuildFile; fileRef = 9EB3584721FDCA46007D423A /* AuthService.swift */; };
/* End PBXBuildFile section */

/* Begin PBXFileReference section */
		4C744F5B0C28E9452A298572 /* Pods-Chat.debug.xcconfig */ = {isa = PBXFileReference; includeInIndex = 1; lastKnownFileType = text.xcconfig; name = "Pods-Chat.debug.xcconfig"; path = "Pods/Target Support Files/Pods-Chat/Pods-Chat.debug.xcconfig"; sourceTree = "<group>"; };
		90FD66D7587F2E9A1C5A72CA /* Pods-Chat.release.xcconfig */ = {isa = PBXFileReference; includeInIndex = 1; lastKnownFileType = text.xcconfig; name = "Pods-Chat.release.xcconfig"; path = "Pods/Target Support Files/Pods-Chat/Pods-Chat.release.xcconfig"; sourceTree = "<group>"; };
		9EB3581D21FCED4A007D423A /* Chat.app */ = {isa = PBXFileReference; explicitFileType = wrapper.application; includeInIndex = 0; path = Chat.app; sourceTree = BUILT_PRODUCTS_DIR; };
		9EB3582021FCED4A007D423A /* AppDelegate.swift */ = {isa = PBXFileReference; lastKnownFileType = sourcecode.swift; path = AppDelegate.swift; sourceTree = "<group>"; };
		9EB3582221FCED4A007D423A /* FeedVC.swift */ = {isa = PBXFileReference; lastKnownFileType = sourcecode.swift; path = FeedVC.swift; sourceTree = "<group>"; };
		9EB3582421FCED4A007D423A /* GroupsVC.swift */ = {isa = PBXFileReference; lastKnownFileType = sourcecode.swift; path = GroupsVC.swift; sourceTree = "<group>"; };
		9EB3582721FCED4A007D423A /* Base */ = {isa = PBXFileReference; lastKnownFileType = file.storyboard; name = Base; path = Base.lproj/Main.storyboard; sourceTree = "<group>"; };
		9EB3582C21FCED4B007D423A /* Base */ = {isa = PBXFileReference; lastKnownFileType = file.storyboard; name = Base; path = Base.lproj/LaunchScreen.storyboard; sourceTree = "<group>"; };
		9EB3582E21FCED4B007D423A /* Info.plist */ = {isa = PBXFileReference; lastKnownFileType = text.plist.xml; path = Info.plist; sourceTree = "<group>"; };
		9EB3583721FCEDEC007D423A /* GoogleService-Info.plist */ = {isa = PBXFileReference; fileEncoding = 4; lastKnownFileType = text.plist.xml; path = "GoogleService-Info.plist"; sourceTree = "<group>"; };
		9EB3583B21FCF076007D423A /* DataService.swift */ = {isa = PBXFileReference; lastKnownFileType = sourcecode.swift; path = DataService.swift; sourceTree = "<group>"; };
		9EB3583D21FDB012007D423A /* Assets.xcassets */ = {isa = PBXFileReference; lastKnownFileType = folder.assetcatalog; path = Assets.xcassets; sourceTree = "<group>"; };
		9EB3583F21FDC015007D423A /* AuthVC.swift */ = {isa = PBXFileReference; lastKnownFileType = sourcecode.swift; path = AuthVC.swift; sourceTree = "<group>"; };
		9EB3584121FDC0E6007D423A /* LoginVC.swift */ = {isa = PBXFileReference; lastKnownFileType = sourcecode.swift; path = LoginVC.swift; sourceTree = "<group>"; };
		9EB3584321FDC191007D423A /* InsetTextField.swift */ = {isa = PBXFileReference; lastKnownFileType = sourcecode.swift; path = InsetTextField.swift; sourceTree = "<group>"; };
		9EB3584521FDC902007D423A /* ShadowView.swift */ = {isa = PBXFileReference; lastKnownFileType = sourcecode.swift; path = ShadowView.swift; sourceTree = "<group>"; };
		9EB3584721FDCA46007D423A /* AuthService.swift */ = {isa = PBXFileReference; lastKnownFileType = sourcecode.swift; path = AuthService.swift; sourceTree = "<group>"; };
		DD217C9D9C651C2DA5F8434B /* Pods_Chat.framework */ = {isa = PBXFileReference; explicitFileType = wrapper.framework; includeInIndex = 0; path = Pods_Chat.framework; sourceTree = BUILT_PRODUCTS_DIR; };
/* End PBXFileReference section */

/* Begin PBXFrameworksBuildPhase section */
		9EB3581A21FCED4A007D423A /* Frameworks */ = {
			isa = PBXFrameworksBuildPhase;
			buildActionMask = 2147483647;
			files = (
				1CA3D39ABF3FFFB1EF5C1DB2 /* Pods_Chat.framework in Frameworks */,
			);
			runOnlyForDeploymentPostprocessing = 0;
		};
/* End PBXFrameworksBuildPhase section */

/* Begin PBXGroup section */
		422F18B65D202018D1FC228B /* Pods */ = {
			isa = PBXGroup;
			children = (
				4C744F5B0C28E9452A298572 /* Pods-Chat.debug.xcconfig */,
				90FD66D7587F2E9A1C5A72CA /* Pods-Chat.release.xcconfig */,
			);
			name = Pods;
			sourceTree = "<group>";
		};
		9EB3581421FCED4A007D423A = {
			isa = PBXGroup;
			children = (
				9EB3581F21FCED4A007D423A /* Chat */,
				9EB3581E21FCED4A007D423A /* Products */,
				422F18B65D202018D1FC228B /* Pods */,
				ABD4E3F874B67C2C03F88DB0 /* Frameworks */,
			);
			sourceTree = "<group>";
		};
		9EB3581E21FCED4A007D423A /* Products */ = {
			isa = PBXGroup;
			children = (
				9EB3581D21FCED4A007D423A /* Chat.app */,
			);
			name = Products;
			sourceTree = "<group>";
		};
		9EB3581F21FCED4A007D423A /* Chat */ = {
			isa = PBXGroup;
			children = (
				9EB3583A21FCEF5A007D423A /* Services */,
				9EB3583921FCEF46007D423A /* Extensions */,
				9EB3583621FCED66007D423A /* View */,
				9EB3583521FCED60007D423A /* Model */,
				9EB3583421FCED57007D423A /* Controller */,
				9EB3582021FCED4A007D423A /* AppDelegate.swift */,
				9EB3582B21FCED4B007D423A /* LaunchScreen.storyboard */,
				9EB3582E21FCED4B007D423A /* Info.plist */,
				9EB3583721FCEDEC007D423A /* GoogleService-Info.plist */,
				9EB3583D21FDB012007D423A /* Assets.xcassets */,
			);
			path = Chat;
			sourceTree = "<group>";
		};
		9EB3583421FCED57007D423A /* Controller */ = {
			isa = PBXGroup;
			children = (
				9EB3582221FCED4A007D423A /* FeedVC.swift */,
				9EB3582421FCED4A007D423A /* GroupsVC.swift */,
				9EB3583F21FDC015007D423A /* AuthVC.swift */,
				9EB3584121FDC0E6007D423A /* LoginVC.swift */,
			);
			path = Controller;
			sourceTree = "<group>";
		};
		9EB3583521FCED60007D423A /* Model */ = {
			isa = PBXGroup;
			children = (
			);
			path = Model;
			sourceTree = "<group>";
		};
		9EB3583621FCED66007D423A /* View */ = {
			isa = PBXGroup;
			children = (
				9EB3582621FCED4A007D423A /* Main.storyboard */,
				9EB3584321FDC191007D423A /* InsetTextField.swift */,
				9EB3584521FDC902007D423A /* ShadowView.swift */,
			);
			path = View;
			sourceTree = "<group>";
		};
		9EB3583921FCEF46007D423A /* Extensions */ = {
			isa = PBXGroup;
			children = (
			);
			path = Extensions;
			sourceTree = "<group>";
		};
		9EB3583A21FCEF5A007D423A /* Services */ = {
			isa = PBXGroup;
			children = (
				9EB3583B21FCF076007D423A /* DataService.swift */,
				9EB3584721FDCA46007D423A /* AuthService.swift */,
			);
			path = Services;
			sourceTree = "<group>";
		};
		ABD4E3F874B67C2C03F88DB0 /* Frameworks */ = {
			isa = PBXGroup;
			children = (
				DD217C9D9C651C2DA5F8434B /* Pods_Chat.framework */,
			);
			name = Frameworks;
			sourceTree = "<group>";
		};
/* End PBXGroup section */

/* Begin PBXNativeTarget section */
		9EB3581C21FCED4A007D423A /* Chat */ = {
			isa = PBXNativeTarget;
			buildConfigurationList = 9EB3583121FCED4B007D423A /* Build configuration list for PBXNativeTarget "Chat" */;
			buildPhases = (
				8601EA34DB4FB80993FCD761 /* [CP] Check Pods Manifest.lock */,
				9EB3581921FCED4A007D423A /* Sources */,
				9EB3581A21FCED4A007D423A /* Frameworks */,
				9EB3581B21FCED4A007D423A /* Resources */,
				15F3896FA0DD7F6CD34E6169 /* [CP] Embed Pods Frameworks */,
			);
			buildRules = (
			);
			dependencies = (
			);
			name = Chat;
			productName = Chat;
			productReference = 9EB3581D21FCED4A007D423A /* Chat.app */;
			productType = "com.apple.product-type.application";
		};
/* End PBXNativeTarget section */

/* Begin PBXProject section */
		9EB3581521FCED4A007D423A /* Project object */ = {
			isa = PBXProject;
			attributes = {
				LastSwiftUpdateCheck = 1010;
				LastUpgradeCheck = 1010;
				ORGANIZATIONNAME = "Владислав Цветков";
				TargetAttributes = {
					9EB3581C21FCED4A007D423A = {
						CreatedOnToolsVersion = 10.1;
					};
				};
			};
			buildConfigurationList = 9EB3581821FCED4A007D423A /* Build configuration list for PBXProject "Chat" */;
			compatibilityVersion = "Xcode 9.3";
			developmentRegion = en;
			hasScannedForEncodings = 0;
			knownRegions = (
				en,
				Base,
			);
			mainGroup = 9EB3581421FCED4A007D423A;
			productRefGroup = 9EB3581E21FCED4A007D423A /* Products */;
			projectDirPath = "";
			projectRoot = "";
			targets = (
				9EB3581C21FCED4A007D423A /* Chat */,
			);
		};
/* End PBXProject section */

/* Begin PBXResourcesBuildPhase section */
		9EB3581B21FCED4A007D423A /* Resources */ = {
			isa = PBXResourcesBuildPhase;
			buildActionMask = 2147483647;
			files = (
				9EB3582D21FCED4B007D423A /* LaunchScreen.storyboard in Resources */,
				9EB3583821FCEDEC007D423A /* GoogleService-Info.plist in Resources */,
				9EB3583E21FDB012007D423A /* Assets.xcassets in Resources */,
				9EB3582821FCED4A007D423A /* Main.storyboard in Resources */,
			);
			runOnlyForDeploymentPostprocessing = 0;
		};
/* End PBXResourcesBuildPhase section */

/* Begin PBXShellScriptBuildPhase section */
		15F3896FA0DD7F6CD34E6169 /* [CP] Embed Pods Frameworks */ = {
			isa = PBXShellScriptBuildPhase;
			buildActionMask = 2147483647;
			files = (
			);
			inputFileListPaths = (
			);
			inputPaths = (
				"${SRCROOT}/Pods/Target Support Files/Pods-Chat/Pods-Chat-frameworks.sh",
				"${BUILT_PRODUCTS_DIR}/GTMSessionFetcher/GTMSessionFetcher.framework",
				"${BUILT_PRODUCTS_DIR}/GoogleUtilities/GoogleUtilities.framework",
				"${BUILT_PRODUCTS_DIR}/leveldb-library/leveldb.framework",
				"${BUILT_PRODUCTS_DIR}/nanopb/nanopb.framework",
			);
			name = "[CP] Embed Pods Frameworks";
			outputFileListPaths = (
			);
			outputPaths = (
				"${TARGET_BUILD_DIR}/${FRAMEWORKS_FOLDER_PATH}/GTMSessionFetcher.framework",
				"${TARGET_BUILD_DIR}/${FRAMEWORKS_FOLDER_PATH}/GoogleUtilities.framework",
				"${TARGET_BUILD_DIR}/${FRAMEWORKS_FOLDER_PATH}/leveldb.framework",
				"${TARGET_BUILD_DIR}/${FRAMEWORKS_FOLDER_PATH}/nanopb.framework",
			);
			runOnlyForDeploymentPostprocessing = 0;
			shellPath = /bin/sh;
			shellScript = "\"${SRCROOT}/Pods/Target Support Files/Pods-Chat/Pods-Chat-frameworks.sh\"\n";
			showEnvVarsInLog = 0;
		};
		8601EA34DB4FB80993FCD761 /* [CP] Check Pods Manifest.lock */ = {
			isa = PBXShellScriptBuildPhase;
			buildActionMask = 2147483647;
			files = (
			);
			inputFileListPaths = (
			);
			inputPaths = (
				"${PODS_PODFILE_DIR_PATH}/Podfile.lock",
				"${PODS_ROOT}/Manifest.lock",
			);
			name = "[CP] Check Pods Manifest.lock";
			outputFileListPaths = (
			);
			outputPaths = (
				"$(DERIVED_FILE_DIR)/Pods-Chat-checkManifestLockResult.txt",
			);
			runOnlyForDeploymentPostprocessing = 0;
			shellPath = /bin/sh;
			shellScript = "diff \"${PODS_PODFILE_DIR_PATH}/Podfile.lock\" \"${PODS_ROOT}/Manifest.lock\" > /dev/null\nif [ $? != 0 ] ; then\n    # print error to STDERR\n    echo \"error: The sandbox is not in sync with the Podfile.lock. Run 'pod install' or update your CocoaPods installation.\" >&2\n    exit 1\nfi\n# This output is used by Xcode 'outputs' to avoid re-running this script phase.\necho \"SUCCESS\" > \"${SCRIPT_OUTPUT_FILE_0}\"\n";
			showEnvVarsInLog = 0;
		};
/* End PBXShellScriptBuildPhase section */

/* Begin PBXSourcesBuildPhase section */
		9EB3581921FCED4A007D423A /* Sources */ = {
			isa = PBXSourcesBuildPhase;
			buildActionMask = 2147483647;
			files = (
				9EB3584021FDC015007D423A /* AuthVC.swift in Sources */,
				9EB3582521FCED4A007D423A /* GroupsVC.swift in Sources */,
				9EB3584221FDC0E6007D423A /* LoginVC.swift in Sources */,
				9EB3584821FDCA46007D423A /* AuthService.swift in Sources */,
				9EB3582121FCED4A007D423A /* AppDelegate.swift in Sources */,
				9EB3584621FDC902007D423A /* ShadowView.swift in Sources */,
				9EB3582321FCED4A007D423A /* FeedVC.swift in Sources */,
				9EB3584421FDC191007D423A /* InsetTextField.swift in Sources */,
				9EB3583C21FCF076007D423A /* DataService.swift in Sources */,
			);
			runOnlyForDeploymentPostprocessing = 0;
		};
/* End PBXSourcesBuildPhase section */

/* Begin PBXVariantGroup section */
		9EB3582621FCED4A007D423A /* Main.storyboard */ = {
			isa = PBXVariantGroup;
			children = (
				9EB3582721FCED4A007D423A /* Base */,
			);
			name = Main.storyboard;
			sourceTree = "<group>";
		};
		9EB3582B21FCED4B007D423A /* LaunchScreen.storyboard */ = {
			isa = PBXVariantGroup;
			children = (
				9EB3582C21FCED4B007D423A /* Base */,
			);
			name = LaunchScreen.storyboard;
			sourceTree = "<group>";
		};
/* End PBXVariantGroup section */

/* Begin XCBuildConfiguration section */
		9EB3582F21FCED4B007D423A /* Debug */ = {
			isa = XCBuildConfiguration;
			buildSettings = {
				ALWAYS_SEARCH_USER_PATHS = NO;
				CLANG_ANALYZER_NONNULL = YES;
				CLANG_ANALYZER_NUMBER_OBJECT_CONVERSION = YES_AGGRESSIVE;
				CLANG_CXX_LANGUAGE_STANDARD = "gnu++14";
				CLANG_CXX_LIBRARY = "libc++";
				CLANG_ENABLE_MODULES = YES;
				CLANG_ENABLE_OBJC_ARC = YES;
				CLANG_ENABLE_OBJC_WEAK = YES;
				CLANG_WARN_BLOCK_CAPTURE_AUTORELEASING = YES;
				CLANG_WARN_BOOL_CONVERSION = YES;
				CLANG_WARN_COMMA = YES;
				CLANG_WARN_CONSTANT_CONVERSION = YES;
				CLANG_WARN_DEPRECATED_OBJC_IMPLEMENTATIONS = YES;
				CLANG_WARN_DIRECT_OBJC_ISA_USAGE = YES_ERROR;
				CLANG_WARN_DOCUMENTATION_COMMENTS = YES;
				CLANG_WARN_EMPTY_BODY = YES;
				CLANG_WARN_ENUM_CONVERSION = YES;
				CLANG_WARN_INFINITE_RECURSION = YES;
				CLANG_WARN_INT_CONVERSION = YES;
				CLANG_WARN_NON_LITERAL_NULL_CONVERSION = YES;
				CLANG_WARN_OBJC_IMPLICIT_RETAIN_SELF = YES;
				CLANG_WARN_OBJC_LITERAL_CONVERSION = YES;
				CLANG_WARN_OBJC_ROOT_CLASS = YES_ERROR;
				CLANG_WARN_RANGE_LOOP_ANALYSIS = YES;
				CLANG_WARN_STRICT_PROTOTYPES = YES;
				CLANG_WARN_SUSPICIOUS_MOVE = YES;
				CLANG_WARN_UNGUARDED_AVAILABILITY = YES_AGGRESSIVE;
				CLANG_WARN_UNREACHABLE_CODE = YES;
				CLANG_WARN__DUPLICATE_METHOD_MATCH = YES;
				CODE_SIGN_IDENTITY = "iPhone Developer";
				COPY_PHASE_STRIP = NO;
				DEBUG_INFORMATION_FORMAT = dwarf;
				ENABLE_STRICT_OBJC_MSGSEND = YES;
				ENABLE_TESTABILITY = YES;
				GCC_C_LANGUAGE_STANDARD = gnu11;
				GCC_DYNAMIC_NO_PIC = NO;
				GCC_NO_COMMON_BLOCKS = YES;
				GCC_OPTIMIZATION_LEVEL = 0;
				GCC_PREPROCESSOR_DEFINITIONS = (
					"DEBUG=1",
					"$(inherited)",
				);
				GCC_WARN_64_TO_32_BIT_CONVERSION = YES;
				GCC_WARN_ABOUT_RETURN_TYPE = YES_ERROR;
				GCC_WARN_UNDECLARED_SELECTOR = YES;
				GCC_WARN_UNINITIALIZED_AUTOS = YES_AGGRESSIVE;
				GCC_WARN_UNUSED_FUNCTION = YES;
				GCC_WARN_UNUSED_VARIABLE = YES;
				IPHONEOS_DEPLOYMENT_TARGET = 12.1;
				MTL_ENABLE_DEBUG_INFO = INCLUDE_SOURCE;
				MTL_FAST_MATH = YES;
				ONLY_ACTIVE_ARCH = YES;
				SDKROOT = iphoneos;
				SWIFT_ACTIVE_COMPILATION_CONDITIONS = DEBUG;
				SWIFT_OPTIMIZATION_LEVEL = "-Onone";
			};
			name = Debug;
		};
		9EB3583021FCED4B007D423A /* Release */ = {
			isa = XCBuildConfiguration;
			buildSettings = {
				ALWAYS_SEARCH_USER_PATHS = NO;
				CLANG_ANALYZER_NONNULL = YES;
				CLANG_ANALYZER_NUMBER_OBJECT_CONVERSION = YES_AGGRESSIVE;
				CLANG_CXX_LANGUAGE_STANDARD = "gnu++14";
				CLANG_CXX_LIBRARY = "libc++";
				CLANG_ENABLE_MODULES = YES;
				CLANG_ENABLE_OBJC_ARC = YES;
				CLANG_ENABLE_OBJC_WEAK = YES;
				CLANG_WARN_BLOCK_CAPTURE_AUTORELEASING = YES;
				CLANG_WARN_BOOL_CONVERSION = YES;
				CLANG_WARN_COMMA = YES;
				CLANG_WARN_CONSTANT_CONVERSION = YES;
				CLANG_WARN_DEPRECATED_OBJC_IMPLEMENTATIONS = YES;
				CLANG_WARN_DIRECT_OBJC_ISA_USAGE = YES_ERROR;
				CLANG_WARN_DOCUMENTATION_COMMENTS = YES;
				CLANG_WARN_EMPTY_BODY = YES;
				CLANG_WARN_ENUM_CONVERSION = YES;
				CLANG_WARN_INFINITE_RECURSION = YES;
				CLANG_WARN_INT_CONVERSION = YES;
				CLANG_WARN_NON_LITERAL_NULL_CONVERSION = YES;
				CLANG_WARN_OBJC_IMPLICIT_RETAIN_SELF = YES;
				CLANG_WARN_OBJC_LITERAL_CONVERSION = YES;
				CLANG_WARN_OBJC_ROOT_CLASS = YES_ERROR;
				CLANG_WARN_RANGE_LOOP_ANALYSIS = YES;
				CLANG_WARN_STRICT_PROTOTYPES = YES;
				CLANG_WARN_SUSPICIOUS_MOVE = YES;
				CLANG_WARN_UNGUARDED_AVAILABILITY = YES_AGGRESSIVE;
				CLANG_WARN_UNREACHABLE_CODE = YES;
				CLANG_WARN__DUPLICATE_METHOD_MATCH = YES;
				CODE_SIGN_IDENTITY = "iPhone Developer";
				COPY_PHASE_STRIP = NO;
				DEBUG_INFORMATION_FORMAT = "dwarf-with-dsym";
				ENABLE_NS_ASSERTIONS = NO;
				ENABLE_STRICT_OBJC_MSGSEND = YES;
				GCC_C_LANGUAGE_STANDARD = gnu11;
				GCC_NO_COMMON_BLOCKS = YES;
				GCC_WARN_64_TO_32_BIT_CONVERSION = YES;
				GCC_WARN_ABOUT_RETURN_TYPE = YES_ERROR;
				GCC_WARN_UNDECLARED_SELECTOR = YES;
				GCC_WARN_UNINITIALIZED_AUTOS = YES_AGGRESSIVE;
				GCC_WARN_UNUSED_FUNCTION = YES;
				GCC_WARN_UNUSED_VARIABLE = YES;
				IPHONEOS_DEPLOYMENT_TARGET = 12.1;
				MTL_ENABLE_DEBUG_INFO = NO;
				MTL_FAST_MATH = YES;
				SDKROOT = iphoneos;
				SWIFT_COMPILATION_MODE = wholemodule;
				SWIFT_OPTIMIZATION_LEVEL = "-O";
				VALIDATE_PRODUCT = YES;
			};
			name = Release;
		};
		9EB3583221FCED4B007D423A /* Debug */ = {
			isa = XCBuildConfiguration;
			baseConfigurationReference = 4C744F5B0C28E9452A298572 /* Pods-Chat.debug.xcconfig */;
			buildSettings = {
				ASSETCATALOG_COMPILER_APPICON_NAME = AppIcon;
				CODE_SIGN_STYLE = Automatic;
				DEVELOPMENT_TEAM = 68ACNX2N6K;
				INFOPLIST_FILE = Chat/Info.plist;
				LD_RUNPATH_SEARCH_PATHS = (
					"$(inherited)",
					"@executable_path/Frameworks",
				);
				PRODUCT_BUNDLE_IDENTIFIER = com.vladislav.tsvetkov.Chat;
				PRODUCT_NAME = "$(TARGET_NAME)";
				SWIFT_VERSION = 4.2;
				TARGETED_DEVICE_FAMILY = "1,2";
			};
			name = Debug;
		};
		9EB3583321FCED4B007D423A /* Release */ = {
			isa = XCBuildConfiguration;
			baseConfigurationReference = 90FD66D7587F2E9A1C5A72CA /* Pods-Chat.release.xcconfig */;
			buildSettings = {
				ASSETCATALOG_COMPILER_APPICON_NAME = AppIcon;
				CODE_SIGN_STYLE = Automatic;
				DEVELOPMENT_TEAM = 68ACNX2N6K;
				INFOPLIST_FILE = Chat/Info.plist;
				LD_RUNPATH_SEARCH_PATHS = (
					"$(inherited)",
					"@executable_path/Frameworks",
				);
				PRODUCT_BUNDLE_IDENTIFIER = com.vladislav.tsvetkov.Chat;
				PRODUCT_NAME = "$(TARGET_NAME)";
				SWIFT_VERSION = 4.2;
				TARGETED_DEVICE_FAMILY = "1,2";
			};
			name = Release;
		};
/* End XCBuildConfiguration section */

/* Begin XCConfigurationList section */
		9EB3581821FCED4A007D423A /* Build configuration list for PBXProject "Chat" */ = {
			isa = XCConfigurationList;
			buildConfigurations = (
				9EB3582F21FCED4B007D423A /* Debug */,
				9EB3583021FCED4B007D423A /* Release */,
			);
			defaultConfigurationIsVisible = 0;
			defaultConfigurationName = Release;
		};
		9EB3583121FCED4B007D423A /* Build configuration list for PBXNativeTarget "Chat" */ = {
			isa = XCConfigurationList;
			buildConfigurations = (
				9EB3583221FCED4B007D423A /* Debug */,
				9EB3583321FCED4B007D423A /* Release */,
			);
			defaultConfigurationIsVisible = 0;
			defaultConfigurationName = Release;
		};
/* End XCConfigurationList section */
	};
	rootObject = 9EB3581521FCED4A007D423A /* Project object */;
}
